
Microsoft Visual Studio Solution File, Format Version 12.00
# Visual Studio Version 17
VisualStudioVersion = 17.0.31903.59
MinimumVisualStudioVersion = 10.0.40219.1
Project("{2150E333-8FDC-42A3-9474-1A3956D46DE8}") = "src", "src", "{E7A88412-70BC-4D2A-9568-BE5A9BDC825D}"
EndProject
Project("{2150E333-8FDC-42A3-9474-1A3956D46DE8}") = "test", "test", "{D6937B22-1C02-42E0-95DE-8795CC6CD314}"
EndProject
Project("{FAE04EC0-301F-11D3-BF4B-00C04F79EFBC}") = "CdCSharp.SequentialGenerator.Abstractions", "src\CdCSharp.SequentialGenerator.Abstractions\CdCSharp.SequentialGenerator.Abstractions.csproj", "{8C0A14E4-67E7-4895-94F2-35E43235343D}"
EndProject
Project("{FAE04EC0-301F-11D3-BF4B-00C04F79EFBC}") = "CdCSharp.SequentialGenerator", "src\CdCSharp.SequentialGenerator\CdCSharp.SequentialGenerator.csproj", "{34BD67BF-2FA7-4CF3-B061-F8D1F1B56FCE}"
EndProject
Project("{FAE04EC0-301F-11D3-BF4B-00C04F79EFBC}") = "CdCSharp.SequentialGenerator.UnitTests", "test\CdCSharp.SequentialGenerator.UnitTests\CdCSharp.SequentialGenerator.UnitTests.csproj", "{2E7046E7-222D-4811-A178-F61E35CC4ADA}"
EndProject
Global
	GlobalSection(SolutionConfigurationPlatforms) = preSolution
		Debug|Any CPU = Debug|Any CPU
		Release|Any CPU = Release|Any CPU
	EndGlobalSection
	GlobalSection(ProjectConfigurationPlatforms) = postSolution
		{8C0A14E4-67E7-4895-94F2-35E43235343D}.Debug|Any CPU.ActiveCfg = Debug|Any CPU
		{8C0A14E4-67E7-4895-94F2-35E43235343D}.Debug|Any CPU.Build.0 = Debug|Any CPU
		{8C0A14E4-67E7-4895-94F2-35E43235343D}.Release|Any CPU.ActiveCfg = Release|Any CPU
		{8C0A14E4-67E7-4895-94F2-35E43235343D}.Release|Any CPU.Build.0 = Release|Any CPU
		{34BD67BF-2FA7-4CF3-B061-F8D1F1B56FCE}.Debug|Any CPU.ActiveCfg = Debug|Any CPU
		{34BD67BF-2FA7-4CF3-B061-F8D1F1B56FCE}.Debug|Any CPU.Build.0 = Debug|Any CPU
		{34BD67BF-2FA7-4CF3-B061-F8D1F1B56FCE}.Release|Any CPU.ActiveCfg = Release|Any CPU
		{34BD67BF-2FA7-4CF3-B061-F8D1F1B56FCE}.Release|Any CPU.Build.0 = Release|Any CPU
		{2E7046E7-222D-4811-A178-F61E35CC4ADA}.Debug|Any CPU.ActiveCfg = Debug|Any CPU
		{2E7046E7-222D-4811-A178-F61E35CC4ADA}.Debug|Any CPU.Build.0 = Debug|Any CPU
		{2E7046E7-222D-4811-A178-F61E35CC4ADA}.Release|Any CPU.ActiveCfg = Release|Any CPU
		{2E7046E7-222D-4811-A178-F61E35CC4ADA}.Release|Any CPU.Build.0 = Release|Any CPU
	EndGlobalSection
	GlobalSection(SolutionProperties) = preSolution
		HideSolutionNode = FALSE
	EndGlobalSection
	GlobalSection(NestedProjects) = preSolution
		{8C0A14E4-67E7-4895-94F2-35E43235343D} = {E7A88412-70BC-4D2A-9568-BE5A9BDC825D}
		{34BD67BF-2FA7-4CF3-B061-F8D1F1B56FCE} = {E7A88412-70BC-4D2A-9568-BE5A9BDC825D}
		{2E7046E7-222D-4811-A178-F61E35CC4ADA} = {D6937B22-1C02-42E0-95DE-8795CC6CD314}
	EndGlobalSection
EndGlobal
